// !$*UTF8*$!
{
	archiveVersion = 1;
	classes = {
	};
	objectVersion = 56;
	objects = {

/* Begin PBXBuildFile section */
		2B4E6C8E2AE27723000BC1EA /* UnimplementedApp.swift in Sources */ = {isa = PBXBuildFile; fileRef = 2B4E6C8D2AE27723000BC1EA /* UnimplementedApp.swift */; };
		2B4E6C902AE27723000BC1EA /* ContentFeature.swift in Sources */ = {isa = PBXBuildFile; fileRef = 2B4E6C8F2AE27723000BC1EA /* ContentFeature.swift */; };
		2B4E6C922AE27725000BC1EA /* Assets.xcassets in Resources */ = {isa = PBXBuildFile; fileRef = 2B4E6C912AE27725000BC1EA /* Assets.xcassets */; };
		2B4E6C962AE27725000BC1EA /* Preview Assets.xcassets in Resources */ = {isa = PBXBuildFile; fileRef = 2B4E6C952AE27725000BC1EA /* Preview Assets.xcassets */; };
		2B4E6C9D2AE27730000BC1EA /* UserService.swift in Sources */ = {isa = PBXBuildFile; fileRef = 2B4E6C9C2AE27730000BC1EA /* UserService.swift */; };
		2B4E6CA02AE278A5000BC1EA /* ComposableArchitecture in Frameworks */ = {isa = PBXBuildFile; productRef = 2B4E6C9F2AE278A5000BC1EA /* ComposableArchitecture */; };
		2B4E6CA32AE27900000BC1EA /* SwiftUINavigation in Frameworks */ = {isa = PBXBuildFile; productRef = 2B4E6CA22AE27900000BC1EA /* SwiftUINavigation */; };
		2B4E6CA82AE27922000BC1EA /* XCTestDynamicOverlay in Frameworks */ = {isa = PBXBuildFile; productRef = 2B4E6CA72AE27922000BC1EA /* XCTestDynamicOverlay */; };
		2B4E6CAA2AE2794C000BC1EA /* Dependency.swift in Sources */ = {isa = PBXBuildFile; fileRef = 2B4E6CA92AE2794C000BC1EA /* Dependency.swift */; };
		2B4E6CAD2AE279B1000BC1EA /* Dependencies in Frameworks */ = {isa = PBXBuildFile; productRef = 2B4E6CAC2AE279B1000BC1EA /* Dependencies */; };
		2B4E6CAF2AE27DFB000BC1EA /* UserProfile.swift in Sources */ = {isa = PBXBuildFile; fileRef = 2B4E6CAE2AE27DFB000BC1EA /* UserProfile.swift */; };
		2B4E6CC12AE2827A000BC1EA /* ContentFeatureTests.swift in Sources */ = {isa = PBXBuildFile; fileRef = 2B4E6CB22AE2819F000BC1EA /* ContentFeatureTests.swift */; };
		2BDFBE192B27CB31001C301B /* Welcome.swift in Sources */ = {isa = PBXBuildFile; fileRef = 2BDFBE182B27CB31001C301B /* Welcome.swift */; };
		2BDFBE1B2B27CCA3001C301B /* HomeFeature.swift in Sources */ = {isa = PBXBuildFile; fileRef = 2BDFBE1A2B27CCA3001C301B /* HomeFeature.swift */; };
		2BDFBE1D2B27CD1B001C301B /* ProfileFeature.swift in Sources */ = {isa = PBXBuildFile; fileRef = 2BDFBE1C2B27CD1B001C301B /* ProfileFeature.swift */; };
/* End PBXBuildFile section */

/* Begin PBXContainerItemProxy section */
		2B4E6CBC2AE28272000BC1EA /* PBXContainerItemProxy */ = {
			isa = PBXContainerItemProxy;
			containerPortal = 2B4E6C822AE27723000BC1EA /* Project object */;
			proxyType = 1;
			remoteGlobalIDString = 2B4E6C892AE27723000BC1EA;
			remoteInfo = Unimplemented;
		};
/* End PBXContainerItemProxy section */

/* Begin PBXFileReference section */
		2B4E6C8A2AE27723000BC1EA /* Unimplemented.app */ = {isa = PBXFileReference; explicitFileType = wrapper.application; includeInIndex = 0; path = Unimplemented.app; sourceTree = BUILT_PRODUCTS_DIR; };
		2B4E6C8D2AE27723000BC1EA /* UnimplementedApp.swift */ = {isa = PBXFileReference; lastKnownFileType = sourcecode.swift; path = UnimplementedApp.swift; sourceTree = "<group>"; };
		2B4E6C8F2AE27723000BC1EA /* ContentFeature.swift */ = {isa = PBXFileReference; lastKnownFileType = sourcecode.swift; path = ContentFeature.swift; sourceTree = "<group>"; };
		2B4E6C912AE27725000BC1EA /* Assets.xcassets */ = {isa = PBXFileReference; lastKnownFileType = folder.assetcatalog; path = Assets.xcassets; sourceTree = "<group>"; };
		2B4E6C932AE27725000BC1EA /* Unimplemented.entitlements */ = {isa = PBXFileReference; lastKnownFileType = text.plist.entitlements; path = Unimplemented.entitlements; sourceTree = "<group>"; };
		2B4E6C952AE27725000BC1EA /* Preview Assets.xcassets */ = {isa = PBXFileReference; lastKnownFileType = folder.assetcatalog; path = "Preview Assets.xcassets"; sourceTree = "<group>"; };
		2B4E6C9C2AE27730000BC1EA /* UserService.swift */ = {isa = PBXFileReference; lastKnownFileType = sourcecode.swift; path = UserService.swift; sourceTree = "<group>"; };
		2B4E6CA92AE2794C000BC1EA /* Dependency.swift */ = {isa = PBXFileReference; lastKnownFileType = sourcecode.swift; path = Dependency.swift; sourceTree = "<group>"; };
		2B4E6CAE2AE27DFB000BC1EA /* UserProfile.swift */ = {isa = PBXFileReference; lastKnownFileType = sourcecode.swift; path = UserProfile.swift; sourceTree = "<group>"; };
		2B4E6CB22AE2819F000BC1EA /* ContentFeatureTests.swift */ = {isa = PBXFileReference; lastKnownFileType = sourcecode.swift; path = ContentFeatureTests.swift; sourceTree = "<group>"; };
		2B4E6CB82AE28272000BC1EA /* UnimplementedTests.xctest */ = {isa = PBXFileReference; explicitFileType = wrapper.cfbundle; includeInIndex = 0; path = UnimplementedTests.xctest; sourceTree = BUILT_PRODUCTS_DIR; };
		2BDFBE182B27CB31001C301B /* Welcome.swift */ = {isa = PBXFileReference; lastKnownFileType = sourcecode.swift; path = Welcome.swift; sourceTree = "<group>"; };
		2BDFBE1A2B27CCA3001C301B /* HomeFeature.swift */ = {isa = PBXFileReference; lastKnownFileType = sourcecode.swift; path = HomeFeature.swift; sourceTree = "<group>"; };
		2BDFBE1C2B27CD1B001C301B /* ProfileFeature.swift */ = {isa = PBXFileReference; lastKnownFileType = sourcecode.swift; path = ProfileFeature.swift; sourceTree = "<group>"; };
/* End PBXFileReference section */

/* Begin PBXFrameworksBuildPhase section */
		2B4E6C872AE27723000BC1EA /* Frameworks */ = {
			isa = PBXFrameworksBuildPhase;
			buildActionMask = 2147483647;
			files = (
				2B4E6CAD2AE279B1000BC1EA /* Dependencies in Frameworks */,
				2B4E6CA32AE27900000BC1EA /* SwiftUINavigation in Frameworks */,
				2B4E6CA82AE27922000BC1EA /* XCTestDynamicOverlay in Frameworks */,
				2B4E6CA02AE278A5000BC1EA /* ComposableArchitecture in Frameworks */,
			);
			runOnlyForDeploymentPostprocessing = 0;
		};
		2B4E6CB52AE28272000BC1EA /* Frameworks */ = {
			isa = PBXFrameworksBuildPhase;
			buildActionMask = 2147483647;
			files = (
			);
			runOnlyForDeploymentPostprocessing = 0;
		};
/* End PBXFrameworksBuildPhase section */

/* Begin PBXGroup section */
		2B4E6C812AE27723000BC1EA = {
			isa = PBXGroup;
			children = (
				2B4E6C8C2AE27723000BC1EA /* Unimplemented */,
				2B4E6CB92AE28272000BC1EA /* UnimplementedTests */,
				2B4E6C8B2AE27723000BC1EA /* Products */,
			);
			sourceTree = "<group>";
		};
		2B4E6C8B2AE27723000BC1EA /* Products */ = {
			isa = PBXGroup;
			children = (
				2B4E6C8A2AE27723000BC1EA /* Unimplemented.app */,
				2B4E6CB82AE28272000BC1EA /* UnimplementedTests.xctest */,
			);
			name = Products;
			sourceTree = "<group>";
		};
		2B4E6C8C2AE27723000BC1EA /* Unimplemented */ = {
			isa = PBXGroup;
			children = (
				2B4E6C8D2AE27723000BC1EA /* UnimplementedApp.swift */,
				2B4E6C8F2AE27723000BC1EA /* ContentFeature.swift */,
				2BDFBE182B27CB31001C301B /* Welcome.swift */,
				2BDFBE1A2B27CCA3001C301B /* HomeFeature.swift */,
				2BDFBE1C2B27CD1B001C301B /* ProfileFeature.swift */,
				2B4E6C912AE27725000BC1EA /* Assets.xcassets */,
				2B4E6C932AE27725000BC1EA /* Unimplemented.entitlements */,
				2B4E6C942AE27725000BC1EA /* Preview Content */,
				2B4E6C9C2AE27730000BC1EA /* UserService.swift */,
				2B4E6CA92AE2794C000BC1EA /* Dependency.swift */,
				2B4E6CAE2AE27DFB000BC1EA /* UserProfile.swift */,
			);
			path = Unimplemented;
			sourceTree = "<group>";
		};
		2B4E6C942AE27725000BC1EA /* Preview Content */ = {
			isa = PBXGroup;
			children = (
				2B4E6C952AE27725000BC1EA /* Preview Assets.xcassets */,
			);
			path = "Preview Content";
			sourceTree = "<group>";
		};
		2B4E6CB92AE28272000BC1EA /* UnimplementedTests */ = {
			isa = PBXGroup;
			children = (
				2B4E6CB22AE2819F000BC1EA /* ContentFeatureTests.swift */,
			);
			path = UnimplementedTests;
			sourceTree = "<group>";
		};
/* End PBXGroup section */

/* Begin PBXNativeTarget section */
		2B4E6C892AE27723000BC1EA /* Unimplemented */ = {
			isa = PBXNativeTarget;
			buildConfigurationList = 2B4E6C992AE27725000BC1EA /* Build configuration list for PBXNativeTarget "Unimplemented" */;
			buildPhases = (
				2B4E6C862AE27723000BC1EA /* Sources */,
				2B4E6C872AE27723000BC1EA /* Frameworks */,
				2B4E6C882AE27723000BC1EA /* Resources */,
			);
			buildRules = (
			);
			dependencies = (
			);
			name = Unimplemented;
			packageProductDependencies = (
				2B4E6C9F2AE278A5000BC1EA /* ComposableArchitecture */,
				2B4E6CA22AE27900000BC1EA /* SwiftUINavigation */,
				2B4E6CA72AE27922000BC1EA /* XCTestDynamicOverlay */,
				2B4E6CAC2AE279B1000BC1EA /* Dependencies */,
			);
			productName = Unimplemented;
			productReference = 2B4E6C8A2AE27723000BC1EA /* Unimplemented.app */;
			productType = "com.apple.product-type.application";
		};
		2B4E6CB72AE28272000BC1EA /* UnimplementedTests */ = {
			isa = PBXNativeTarget;
			buildConfigurationList = 2B4E6CC02AE28272000BC1EA /* Build configuration list for PBXNativeTarget "UnimplementedTests" */;
			buildPhases = (
				2B4E6CB42AE28272000BC1EA /* Sources */,
				2B4E6CB52AE28272000BC1EA /* Frameworks */,
				2B4E6CB62AE28272000BC1EA /* Resources */,
			);
			buildRules = (
			);
			dependencies = (
				2B4E6CBD2AE28272000BC1EA /* PBXTargetDependency */,
			);
			name = UnimplementedTests;
			productName = UnimplementedTests;
			productReference = 2B4E6CB82AE28272000BC1EA /* UnimplementedTests.xctest */;
			productType = "com.apple.product-type.bundle.unit-test";
		};
/* End PBXNativeTarget section */

/* Begin PBXProject section */
		2B4E6C822AE27723000BC1EA /* Project object */ = {
			isa = PBXProject;
			attributes = {
				BuildIndependentTargetsInParallel = 1;
				LastSwiftUpdateCheck = 1500;
				LastUpgradeCheck = 1500;
				TargetAttributes = {
					2B4E6C892AE27723000BC1EA = {
						CreatedOnToolsVersion = 15.0;
					};
					2B4E6CB72AE28272000BC1EA = {
						CreatedOnToolsVersion = 15.0;
						TestTargetID = 2B4E6C892AE27723000BC1EA;
					};
				};
			};
			buildConfigurationList = 2B4E6C852AE27723000BC1EA /* Build configuration list for PBXProject "Unimplemented" */;
			compatibilityVersion = "Xcode 14.0";
			developmentRegion = en;
			hasScannedForEncodings = 0;
			knownRegions = (
				en,
				Base,
			);
			mainGroup = 2B4E6C812AE27723000BC1EA;
			packageReferences = (
				2B4E6C9E2AE278A5000BC1EA /* XCRemoteSwiftPackageReference "swift-composable-architecture" */,
				2B4E6CA12AE27900000BC1EA /* XCRemoteSwiftPackageReference "swiftui-navigation" */,
				2B4E6CA62AE27922000BC1EA /* XCRemoteSwiftPackageReference "xctest-dynamic-overlay" */,
				2B4E6CAB2AE279B1000BC1EA /* XCRemoteSwiftPackageReference "swift-dependencies" */,
			);
			productRefGroup = 2B4E6C8B2AE27723000BC1EA /* Products */;
			projectDirPath = "";
			projectRoot = "";
			targets = (
				2B4E6C892AE27723000BC1EA /* Unimplemented */,
				2B4E6CB72AE28272000BC1EA /* UnimplementedTests */,
			);
		};
/* End PBXProject section */

/* Begin PBXResourcesBuildPhase section */
		2B4E6C882AE27723000BC1EA /* Resources */ = {
			isa = PBXResourcesBuildPhase;
			buildActionMask = 2147483647;
			files = (
				2B4E6C962AE27725000BC1EA /* Preview Assets.xcassets in Resources */,
				2B4E6C922AE27725000BC1EA /* Assets.xcassets in Resources */,
			);
			runOnlyForDeploymentPostprocessing = 0;
		};
		2B4E6CB62AE28272000BC1EA /* Resources */ = {
			isa = PBXResourcesBuildPhase;
			buildActionMask = 2147483647;
			files = (
			);
			runOnlyForDeploymentPostprocessing = 0;
		};
/* End PBXResourcesBuildPhase section */

/* Begin PBXSourcesBuildPhase section */
		2B4E6C862AE27723000BC1EA /* Sources */ = {
			isa = PBXSourcesBuildPhase;
			buildActionMask = 2147483647;
			files = (
				2B4E6C902AE27723000BC1EA /* ContentFeature.swift in Sources */,
				2B4E6C8E2AE27723000BC1EA /* UnimplementedApp.swift in Sources */,
				2BDFBE1B2B27CCA3001C301B /* HomeFeature.swift in Sources */,
				2B4E6CAF2AE27DFB000BC1EA /* UserProfile.swift in Sources */,
				2BDFBE1D2B27CD1B001C301B /* ProfileFeature.swift in Sources */,
				2B4E6CAA2AE2794C000BC1EA /* Dependency.swift in Sources */,
				2BDFBE192B27CB31001C301B /* Welcome.swift in Sources */,
				2B4E6C9D2AE27730000BC1EA /* UserService.swift in Sources */,
			);
			runOnlyForDeploymentPostprocessing = 0;
		};
		2B4E6CB42AE28272000BC1EA /* Sources */ = {
			isa = PBXSourcesBuildPhase;
			buildActionMask = 2147483647;
			files = (
				2B4E6CC12AE2827A000BC1EA /* ContentFeatureTests.swift in Sources */,
			);
			runOnlyForDeploymentPostprocessing = 0;
		};
/* End PBXSourcesBuildPhase section */

/* Begin PBXTargetDependency section */
		2B4E6CBD2AE28272000BC1EA /* PBXTargetDependency */ = {
			isa = PBXTargetDependency;
			target = 2B4E6C892AE27723000BC1EA /* Unimplemented */;
			targetProxy = 2B4E6CBC2AE28272000BC1EA /* PBXContainerItemProxy */;
		};
/* End PBXTargetDependency section */

/* Begin XCBuildConfiguration section */
		2B4E6C972AE27725000BC1EA /* Debug */ = {
			isa = XCBuildConfiguration;
			buildSettings = {
				ALWAYS_SEARCH_USER_PATHS = NO;
				ASSETCATALOG_COMPILER_GENERATE_SWIFT_ASSET_SYMBOL_EXTENSIONS = YES;
				CLANG_ANALYZER_NONNULL = YES;
				CLANG_ANALYZER_NUMBER_OBJECT_CONVERSION = YES_AGGRESSIVE;
				CLANG_CXX_LANGUAGE_STANDARD = "gnu++20";
				CLANG_ENABLE_MODULES = YES;
				CLANG_ENABLE_OBJC_ARC = YES;
				CLANG_ENABLE_OBJC_WEAK = YES;
				CLANG_WARN_BLOCK_CAPTURE_AUTORELEASING = YES;
				CLANG_WARN_BOOL_CONVERSION = YES;
				CLANG_WARN_COMMA = YES;
				CLANG_WARN_CONSTANT_CONVERSION = YES;
				CLANG_WARN_DEPRECATED_OBJC_IMPLEMENTATIONS = YES;
				CLANG_WARN_DIRECT_OBJC_ISA_USAGE = YES_ERROR;
				CLANG_WARN_DOCUMENTATION_COMMENTS = YES;
				CLANG_WARN_EMPTY_BODY = YES;
				CLANG_WARN_ENUM_CONVERSION = YES;
				CLANG_WARN_INFINITE_RECURSION = YES;
				CLANG_WARN_INT_CONVERSION = YES;
				CLANG_WARN_NON_LITERAL_NULL_CONVERSION = YES;
				CLANG_WARN_OBJC_IMPLICIT_RETAIN_SELF = YES;
				CLANG_WARN_OBJC_LITERAL_CONVERSION = YES;
				CLANG_WARN_OBJC_ROOT_CLASS = YES_ERROR;
				CLANG_WARN_QUOTED_INCLUDE_IN_FRAMEWORK_HEADER = YES;
				CLANG_WARN_RANGE_LOOP_ANALYSIS = YES;
				CLANG_WARN_STRICT_PROTOTYPES = YES;
				CLANG_WARN_SUSPICIOUS_MOVE = YES;
				CLANG_WARN_UNGUARDED_AVAILABILITY = YES_AGGRESSIVE;
				CLANG_WARN_UNREACHABLE_CODE = YES;
				CLANG_WARN__DUPLICATE_METHOD_MATCH = YES;
				COPY_PHASE_STRIP = NO;
				DEBUG_INFORMATION_FORMAT = dwarf;
				ENABLE_STRICT_OBJC_MSGSEND = YES;
				ENABLE_TESTABILITY = YES;
				ENABLE_USER_SCRIPT_SANDBOXING = YES;
				GCC_C_LANGUAGE_STANDARD = gnu17;
				GCC_DYNAMIC_NO_PIC = NO;
				GCC_NO_COMMON_BLOCKS = YES;
				GCC_OPTIMIZATION_LEVEL = 0;
				GCC_PREPROCESSOR_DEFINITIONS = (
					"DEBUG=1",
					"$(inherited)",
				);
				GCC_WARN_64_TO_32_BIT_CONVERSION = YES;
				GCC_WARN_ABOUT_RETURN_TYPE = YES_ERROR;
				GCC_WARN_UNDECLARED_SELECTOR = YES;
				GCC_WARN_UNINITIALIZED_AUTOS = YES_AGGRESSIVE;
				GCC_WARN_UNUSED_FUNCTION = YES;
				GCC_WARN_UNUSED_VARIABLE = YES;
				IPHONEOS_DEPLOYMENT_TARGET = 15.5;
				LOCALIZATION_PREFERS_STRING_CATALOGS = YES;
				MACOSX_DEPLOYMENT_TARGET = 15.5;
				MTL_ENABLE_DEBUG_INFO = INCLUDE_SOURCE;
				MTL_FAST_MATH = YES;
				ONLY_ACTIVE_ARCH = YES;
				SWIFT_ACTIVE_COMPILATION_CONDITIONS = "DEBUG $(inherited)";
				SWIFT_OPTIMIZATION_LEVEL = "-Onone";
			};
			name = Debug;
		};
		2B4E6C982AE27725000BC1EA /* Release */ = {
			isa = XCBuildConfiguration;
			buildSettings = {
				ALWAYS_SEARCH_USER_PATHS = NO;
				ASSETCATALOG_COMPILER_GENERATE_SWIFT_ASSET_SYMBOL_EXTENSIONS = YES;
				CLANG_ANALYZER_NONNULL = YES;
				CLANG_ANALYZER_NUMBER_OBJECT_CONVERSION = YES_AGGRESSIVE;
				CLANG_CXX_LANGUAGE_STANDARD = "gnu++20";
				CLANG_ENABLE_MODULES = YES;
				CLANG_ENABLE_OBJC_ARC = YES;
				CLANG_ENABLE_OBJC_WEAK = YES;
				CLANG_WARN_BLOCK_CAPTURE_AUTORELEASING = YES;
				CLANG_WARN_BOOL_CONVERSION = YES;
				CLANG_WARN_COMMA = YES;
				CLANG_WARN_CONSTANT_CONVERSION = YES;
				CLANG_WARN_DEPRECATED_OBJC_IMPLEMENTATIONS = YES;
				CLANG_WARN_DIRECT_OBJC_ISA_USAGE = YES_ERROR;
				CLANG_WARN_DOCUMENTATION_COMMENTS = YES;
				CLANG_WARN_EMPTY_BODY = YES;
				CLANG_WARN_ENUM_CONVERSION = YES;
				CLANG_WARN_INFINITE_RECURSION = YES;
				CLANG_WARN_INT_CONVERSION = YES;
				CLANG_WARN_NON_LITERAL_NULL_CONVERSION = YES;
				CLANG_WARN_OBJC_IMPLICIT_RETAIN_SELF = YES;
				CLANG_WARN_OBJC_LITERAL_CONVERSION = YES;
				CLANG_WARN_OBJC_ROOT_CLASS = YES_ERROR;
				CLANG_WARN_QUOTED_INCLUDE_IN_FRAMEWORK_HEADER = YES;
				CLANG_WARN_RANGE_LOOP_ANALYSIS = YES;
				CLANG_WARN_STRICT_PROTOTYPES = YES;
				CLANG_WARN_SUSPICIOUS_MOVE = YES;
				CLANG_WARN_UNGUARDED_AVAILABILITY = YES_AGGRESSIVE;
				CLANG_WARN_UNREACHABLE_CODE = YES;
				CLANG_WARN__DUPLICATE_METHOD_MATCH = YES;
				COPY_PHASE_STRIP = NO;
				DEBUG_INFORMATION_FORMAT = "dwarf-with-dsym";
				ENABLE_NS_ASSERTIONS = NO;
				ENABLE_STRICT_OBJC_MSGSEND = YES;
				ENABLE_USER_SCRIPT_SANDBOXING = YES;
				GCC_C_LANGUAGE_STANDARD = gnu17;
				GCC_NO_COMMON_BLOCKS = YES;
				GCC_WARN_64_TO_32_BIT_CONVERSION = YES;
				GCC_WARN_ABOUT_RETURN_TYPE = YES_ERROR;
				GCC_WARN_UNDECLARED_SELECTOR = YES;
				GCC_WARN_UNINITIALIZED_AUTOS = YES_AGGRESSIVE;
				GCC_WARN_UNUSED_FUNCTION = YES;
				GCC_WARN_UNUSED_VARIABLE = YES;
				IPHONEOS_DEPLOYMENT_TARGET = 15.5;
				LOCALIZATION_PREFERS_STRING_CATALOGS = YES;
				MACOSX_DEPLOYMENT_TARGET = 15.5;
				MTL_ENABLE_DEBUG_INFO = NO;
				MTL_FAST_MATH = YES;
				SWIFT_COMPILATION_MODE = wholemodule;
			};
			name = Release;
		};
		2B4E6C9A2AE27725000BC1EA /* Debug */ = {
			isa = XCBuildConfiguration;
			buildSettings = {
				ASSETCATALOG_COMPILER_APPICON_NAME = AppIcon;
				ASSETCATALOG_COMPILER_GLOBAL_ACCENT_COLOR_NAME = AccentColor;
				CODE_SIGN_ENTITLEMENTS = Unimplemented/Unimplemented.entitlements;
				"CODE_SIGN_IDENTITY[sdk=macosx*]" = "Apple Development";
				CODE_SIGN_STYLE = Manual;
				CURRENT_PROJECT_VERSION = 1;
				DEVELOPMENT_ASSET_PATHS = "\"Unimplemented/Preview Content\"";
				DEVELOPMENT_TEAM = "";
				ENABLE_HARDENED_RUNTIME = YES;
				ENABLE_PREVIEWS = YES;
				GENERATE_INFOPLIST_FILE = YES;
				"INFOPLIST_KEY_UIApplicationSceneManifest_Generation[sdk=iphoneos*]" = YES;
				"INFOPLIST_KEY_UIApplicationSceneManifest_Generation[sdk=iphonesimulator*]" = YES;
				"INFOPLIST_KEY_UIApplicationSupportsIndirectInputEvents[sdk=iphoneos*]" = YES;
				"INFOPLIST_KEY_UIApplicationSupportsIndirectInputEvents[sdk=iphonesimulator*]" = YES;
				"INFOPLIST_KEY_UILaunchScreen_Generation[sdk=iphoneos*]" = YES;
				"INFOPLIST_KEY_UILaunchScreen_Generation[sdk=iphonesimulator*]" = YES;
				"INFOPLIST_KEY_UIStatusBarStyle[sdk=iphoneos*]" = UIStatusBarStyleDefault;
				"INFOPLIST_KEY_UIStatusBarStyle[sdk=iphonesimulator*]" = UIStatusBarStyleDefault;
				INFOPLIST_KEY_UISupportedInterfaceOrientations_iPad = "UIInterfaceOrientationPortrait UIInterfaceOrientationPortraitUpsideDown UIInterfaceOrientationLandscapeLeft UIInterfaceOrientationLandscapeRight";
				INFOPLIST_KEY_UISupportedInterfaceOrientations_iPhone = "UIInterfaceOrientationPortrait UIInterfaceOrientationLandscapeLeft UIInterfaceOrientationLandscapeRight";
				IPHONEOS_DEPLOYMENT_TARGET = 15.5;
				LD_RUNPATH_SEARCH_PATHS = "@executable_path/Frameworks";
				"LD_RUNPATH_SEARCH_PATHS[sdk=macosx*]" = "@executable_path/../Frameworks";
				MACOSX_DEPLOYMENT_TARGET = 14.0;
				MARKETING_VERSION = 1.0;
				PRODUCT_BUNDLE_IDENTIFIER = it.github.imjn.unimplemented.Unimplemented;
				PRODUCT_NAME = "$(TARGET_NAME)";
				PROVISIONING_PROFILE_SPECIFIER = "";
				SDKROOT = auto;
				SUPPORTED_PLATFORMS = "iphoneos iphonesimulator macosx";
				SWIFT_EMIT_LOC_STRINGS = YES;
				SWIFT_VERSION = 5.0;
				TARGETED_DEVICE_FAMILY = "1,2";
			};
			name = Debug;
		};
		2B4E6C9B2AE27725000BC1EA /* Release */ = {
			isa = XCBuildConfiguration;
			buildSettings = {
				ASSETCATALOG_COMPILER_APPICON_NAME = AppIcon;
				ASSETCATALOG_COMPILER_GLOBAL_ACCENT_COLOR_NAME = AccentColor;
				CODE_SIGN_ENTITLEMENTS = Unimplemented/Unimplemented.entitlements;
				"CODE_SIGN_IDENTITY[sdk=macosx*]" = "Apple Development";
				CODE_SIGN_STYLE = Manual;
				CURRENT_PROJECT_VERSION = 1;
				DEVELOPMENT_ASSET_PATHS = "\"Unimplemented/Preview Content\"";
				DEVELOPMENT_TEAM = "";
				ENABLE_HARDENED_RUNTIME = YES;
				ENABLE_PREVIEWS = YES;
				GENERATE_INFOPLIST_FILE = YES;
				"INFOPLIST_KEY_UIApplicationSceneManifest_Generation[sdk=iphoneos*]" = YES;
				"INFOPLIST_KEY_UIApplicationSceneManifest_Generation[sdk=iphonesimulator*]" = YES;
				"INFOPLIST_KEY_UIApplicationSupportsIndirectInputEvents[sdk=iphoneos*]" = YES;
				"INFOPLIST_KEY_UIApplicationSupportsIndirectInputEvents[sdk=iphonesimulator*]" = YES;
				"INFOPLIST_KEY_UILaunchScreen_Generation[sdk=iphoneos*]" = YES;
				"INFOPLIST_KEY_UILaunchScreen_Generation[sdk=iphonesimulator*]" = YES;
				"INFOPLIST_KEY_UIStatusBarStyle[sdk=iphoneos*]" = UIStatusBarStyleDefault;
				"INFOPLIST_KEY_UIStatusBarStyle[sdk=iphonesimulator*]" = UIStatusBarStyleDefault;
				INFOPLIST_KEY_UISupportedInterfaceOrientations_iPad = "UIInterfaceOrientationPortrait UIInterfaceOrientationPortraitUpsideDown UIInterfaceOrientationLandscapeLeft UIInterfaceOrientationLandscapeRight";
				INFOPLIST_KEY_UISupportedInterfaceOrientations_iPhone = "UIInterfaceOrientationPortrait UIInterfaceOrientationLandscapeLeft UIInterfaceOrientationLandscapeRight";
				IPHONEOS_DEPLOYMENT_TARGET = 15.5;
				LD_RUNPATH_SEARCH_PATHS = "@executable_path/Frameworks";
				"LD_RUNPATH_SEARCH_PATHS[sdk=macosx*]" = "@executable_path/../Frameworks";
				MACOSX_DEPLOYMENT_TARGET = 14.0;
				MARKETING_VERSION = 1.0;
				PRODUCT_BUNDLE_IDENTIFIER = it.github.imjn.unimplemented.Unimplemented;
				PRODUCT_NAME = "$(TARGET_NAME)";
				PROVISIONING_PROFILE_SPECIFIER = "";
				SDKROOT = auto;
				SUPPORTED_PLATFORMS = "iphoneos iphonesimulator macosx";
				SWIFT_EMIT_LOC_STRINGS = YES;
				SWIFT_VERSION = 5.0;
				TARGETED_DEVICE_FAMILY = "1,2";
			};
			name = Release;
		};
		2B4E6CBE2AE28272000BC1EA /* Debug */ = {
			isa = XCBuildConfiguration;
			buildSettings = {
				BUNDLE_LOADER = "$(TEST_HOST)";
				CODE_SIGN_STYLE = Automatic;
				CURRENT_PROJECT_VERSION = 1;
				DEVELOPMENT_TEAM = 8DPLGLAJST;
				GENERATE_INFOPLIST_FILE = YES;
				IPHONEOS_DEPLOYMENT_TARGET = 15.5;
				MARKETING_VERSION = 1.0;
				PRODUCT_BUNDLE_IDENTIFIER = it.github.imjn.unimplemented.UnimplementedTests;
				PRODUCT_NAME = "$(TARGET_NAME)";
				SDKROOT = iphoneos;
				SWIFT_EMIT_LOC_STRINGS = NO;
				SWIFT_VERSION = 5.0;
				TARGETED_DEVICE_FAMILY = "1,2";
				TEST_HOST = "$(BUILT_PRODUCTS_DIR)/Unimplemented.app/$(BUNDLE_EXECUTABLE_FOLDER_PATH)/Unimplemented";
			};
			name = Debug;
		};
		2B4E6CBF2AE28272000BC1EA /* Release */ = {
			isa = XCBuildConfiguration;
			buildSettings = {
				BUNDLE_LOADER = "$(TEST_HOST)";
				CODE_SIGN_STYLE = Automatic;
				CURRENT_PROJECT_VERSION = 1;
				DEVELOPMENT_TEAM = 8DPLGLAJST;
				GENERATE_INFOPLIST_FILE = YES;
				IPHONEOS_DEPLOYMENT_TARGET = 15.5;
				MARKETING_VERSION = 1.0;
				PRODUCT_BUNDLE_IDENTIFIER = it.github.imjn.unimplemented.UnimplementedTests;
				PRODUCT_NAME = "$(TARGET_NAME)";
				SDKROOT = iphoneos;
				SWIFT_EMIT_LOC_STRINGS = NO;
				SWIFT_VERSION = 5.0;
				TARGETED_DEVICE_FAMILY = "1,2";
				TEST_HOST = "$(BUILT_PRODUCTS_DIR)/Unimplemented.app/$(BUNDLE_EXECUTABLE_FOLDER_PATH)/Unimplemented";
				VALIDATE_PRODUCT = YES;
			};
			name = Release;
		};
/* End XCBuildConfiguration section */

/* Begin XCConfigurationList section */
		2B4E6C852AE27723000BC1EA /* Build configuration list for PBXProject "Unimplemented" */ = {
			isa = XCConfigurationList;
			buildConfigurations = (
				2B4E6C972AE27725000BC1EA /* Debug */,
				2B4E6C982AE27725000BC1EA /* Release */,
			);
			defaultConfigurationIsVisible = 0;
			defaultConfigurationName = Release;
		};
		2B4E6C992AE27725000BC1EA /* Build configuration list for PBXNativeTarget "Unimplemented" */ = {
			isa = XCConfigurationList;
			buildConfigurations = (
				2B4E6C9A2AE27725000BC1EA /* Debug */,
				2B4E6C9B2AE27725000BC1EA /* Release */,
			);
			defaultConfigurationIsVisible = 0;
			defaultConfigurationName = Release;
		};
		2B4E6CC02AE28272000BC1EA /* Build configuration list for PBXNativeTarget "UnimplementedTests" */ = {
			isa = XCConfigurationList;
			buildConfigurations = (
				2B4E6CBE2AE28272000BC1EA /* Debug */,
				2B4E6CBF2AE28272000BC1EA /* Release */,
			);
			defaultConfigurationIsVisible = 0;
			defaultConfigurationName = Release;
		};
/* End XCConfigurationList section */

/* Begin XCRemoteSwiftPackageReference section */
		2B4E6C9E2AE278A5000BC1EA /* XCRemoteSwiftPackageReference "swift-composable-architecture" */ = {
			isa = XCRemoteSwiftPackageReference;
			repositoryURL = "https://github.com/pointfreeco/swift-composable-architecture";
			requirement = {
				kind = exactVersion;
				version = 0.59.0;
			};
		};
		2B4E6CA12AE27900000BC1EA /* XCRemoteSwiftPackageReference "swiftui-navigation" */ = {
			isa = XCRemoteSwiftPackageReference;
			repositoryURL = "https://github.com/pointfreeco/swiftui-navigation";
			requirement = {
				kind = exactVersion;
				version = 0.8.0;
			};
		};
		2B4E6CA62AE27922000BC1EA /* XCRemoteSwiftPackageReference "xctest-dynamic-overlay" */ = {
			isa = XCRemoteSwiftPackageReference;
			repositoryURL = "https://github.com/pointfreeco/xctest-dynamic-overlay";
			requirement = {
				kind = exactVersion;
				version = 0.8.5;
			};
		};
		2B4E6CAB2AE279B1000BC1EA /* XCRemoteSwiftPackageReference "swift-dependencies" */ = {
			isa = XCRemoteSwiftPackageReference;
			repositoryURL = "https://github.com/pointfreeco/swift-dependencies";
			requirement = {
				kind = exactVersion;
				version = 0.6.0;
			};
		};
/* End XCRemoteSwiftPackageReference section */

/* Begin XCSwiftPackageProductDependency section */
		2B4E6C9F2AE278A5000BC1EA /* ComposableArchitecture */ = {
			isa = XCSwiftPackageProductDependency;
			package = 2B4E6C9E2AE278A5000BC1EA /* XCRemoteSwiftPackageReference "swift-composable-architecture" */;
			productName = ComposableArchitecture;
		};
		2B4E6CA22AE27900000BC1EA /* SwiftUINavigation */ = {
			isa = XCSwiftPackageProductDependency;
			package = 2B4E6CA12AE27900000BC1EA /* XCRemoteSwiftPackageReference "swiftui-navigation" */;
			productName = SwiftUINavigation;
		};
		2B4E6CA72AE27922000BC1EA /* XCTestDynamicOverlay */ = {
			isa = XCSwiftPackageProductDependency;
			package = 2B4E6CA62AE27922000BC1EA /* XCRemoteSwiftPackageReference "xctest-dynamic-overlay" */;
			productName = XCTestDynamicOverlay;
		};
		2B4E6CAC2AE279B1000BC1EA /* Dependencies */ = {
			isa = XCSwiftPackageProductDependency;
			package = 2B4E6CAB2AE279B1000BC1EA /* XCRemoteSwiftPackageReference "swift-dependencies" */;
			productName = Dependencies;
		};
/* End XCSwiftPackageProductDependency section */
	};
	rootObject = 2B4E6C822AE27723000BC1EA /* Project object */;
}
